{
  "version": 1,
  "dependencies": {
    ".NETStandard,Version=v2.1": {
      "DotNet.ReproducibleBuilds": {
        "type": "Direct",
        "requested": "[1.1.1, )",
        "resolved": "1.1.1",
        "contentHash": "+H2t/t34h6mhEoUvHi8yGXyuZ2GjSovcGYehJrS2MDm2XgmPfZL2Sdxg+uL2lKgZ4M6tTwKHIlxOob2bgh0NRQ==",
        "dependencies": {
          "Microsoft.SourceLink.AzureRepos.Git": "1.1.1",
          "Microsoft.SourceLink.Bitbucket.Git": "1.1.1",
          "Microsoft.SourceLink.GitHub": "1.1.1",
          "Microsoft.SourceLink.GitLab": "1.1.1"
        }
      },
      "NuGet.Configuration": {
        "type": "Direct",
        "requested": "[6.8.0, )",
        "resolved": "6.8.0",
        "contentHash": "FFEoY1L9G+C74HfSYt6epHTIuS5xJ8D+d9LZ5nnqhujMoBlQgHphaCTfRlul+e/bNIkAp1fDObzsGlPmu3CKAg==",
        "dependencies": {
          "NuGet.Common": "6.8.0",
          "System.Security.Cryptography.ProtectedData": "4.4.0"
        }
      },
      "NuGet.Credentials": {
        "type": "Direct",
        "requested": "[6.8.0, )",
        "resolved": "6.8.0",
        "contentHash": "0Cp5iSgmweBKjDbywqNVVlVFCtjmt4z7ol5ED3hjMGNQp1HgthOZ+PSVD2xa+5rf4/in2Nt2/4W938KqreigJg==",
        "dependencies": {
          "NuGet.Protocol": "6.8.0"
        }
      },
      "NuGet.ProjectModel": {
        "type": "Direct",
        "requested": "[6.8.0, )",
        "resolved": "6.8.0",
        "contentHash": "4lXoQxLn2fAN+Yu9SHLRcjPCXNVj039FMXE9vUm14ZjCk889dGCEbUWtF3PUqqRpMGnp6IckDd8zubvXI4H1cw==",
        "dependencies": {
          "NuGet.DependencyResolver.Core": "6.8.0"
        }
      },
      "NuGet.Protocol": {
        "type": "Direct",
        "requested": "[6.8.0, )",
        "resolved": "6.8.0",
        "contentHash": "Nfvij7QlEevDbuRCXkhCrHk1oJN+mYkmeVzNvS9hxNTmwdtHqB+zhUIMFBlbye3MUicgc4bbtLAwoF+EKjUvcg==",
        "dependencies": {
          "NuGet.Packaging": "6.8.0",
          "System.Text.Json": "7.0.3"
        }
      },
      "NuGet.Versioning": {
        "type": "Direct",
        "requested": "[6.8.0, )",
        "resolved": "6.8.0",
        "contentHash": "WBu15cdv1lqKkPKXDQOEmEzwKemwrczKYlc2jtuZgRYiZ8TG8F4QzPYiE0Q9eVIpMSk8Aky7mUephf19HjBPOw=="
      },
      "System.IO.Abstractions": {
        "type": "Direct",
        "requested": "[19.2.64, )",
        "resolved": "19.2.64",
        "contentHash": "5GFjIvA4UUb+E1g+u+3F5w8hqqOutRN55zN9DlSr3dhIz5zwIY9snO4DJdBjBf1bYmAaRhygdbVIiBrklaUw7w==",
        "dependencies": {
          "TestableIO.System.IO.Abstractions": "19.2.64",
          "TestableIO.System.IO.Abstractions.Wrappers": "19.2.64"
        }
      },
      "Microsoft.Bcl.AsyncInterfaces": {
        "type": "Transitive",
        "resolved": "7.0.0",
        "contentHash": "3aeMZ1N0lJoSyzqiP03hqemtb1BijhsJADdobn/4nsMJ8V1H+CrpuduUe4hlRdx+ikBQju1VGjMD1GJ3Sk05Eg=="
      },
      "Microsoft.Build.Tasks.Git": {
        "type": "Transitive",
        "resolved": "1.1.1",
        "contentHash": "AT3HlgTjsqHnWpBHSNeR0KxbLZD7bztlZVj7I8vgeYG9SYqbeFGh0TM/KVtC6fg53nrWHl3VfZFvb5BiQFcY6Q=="
      },
      "Microsoft.SourceLink.AzureRepos.Git": {
        "type": "Transitive",
        "resolved": "1.1.1",
        "contentHash": "qB5urvw9LO2bG3eVAkuL+2ughxz2rR7aYgm2iyrB8Rlk9cp2ndvGRCvehk3rNIhRuNtQaeKwctOl1KvWiklv5w==",
        "dependencies": {
          "Microsoft.Build.Tasks.Git": "1.1.1",
          "Microsoft.SourceLink.Common": "1.1.1"
        }
      },
      "Microsoft.SourceLink.Bitbucket.Git": {
        "type": "Transitive",
        "resolved": "1.1.1",
        "contentHash": "cDzxXwlyWpLWaH0em4Idj0H3AmVo3L/6xRXKssYemx+7W52iNskj/SQ4FOmfCb8YQt39otTDNMveCZzYtMoucQ==",
        "dependencies": {
          "Microsoft.Build.Tasks.Git": "1.1.1",
          "Microsoft.SourceLink.Common": "1.1.1"
        }
      },
      "Microsoft.SourceLink.Common": {
        "type": "Transitive",
        "resolved": "1.1.1",
        "contentHash": "WMcGpWKrmJmzrNeuaEb23bEMnbtR/vLmvZtkAP5qWu7vQsY59GqfRJd65sFpBszbd2k/bQ8cs8eWawQKAabkVg=="
      },
      "Microsoft.SourceLink.GitHub": {
        "type": "Transitive",
        "resolved": "1.1.1",
        "contentHash": "IaJGnOv/M7UQjRJks7B6p7pbPnOwisYGOIzqCz5ilGFTApZ3ktOR+6zJ12ZRPInulBmdAf1SrGdDG2MU8g6XTw==",
        "dependencies": {
          "Microsoft.Build.Tasks.Git": "1.1.1",
          "Microsoft.SourceLink.Common": "1.1.1"
        }
      },
      "Microsoft.SourceLink.GitLab": {
        "type": "Transitive",
        "resolved": "1.1.1",
        "contentHash": "tvsg47DDLqqedlPeYVE2lmiTpND8F0hkrealQ5hYltSmvruy/Gr5nHAKSsjyw5L3NeM/HLMI5ORv7on/M4qyZw==",
        "dependencies": {
          "Microsoft.Build.Tasks.Git": "1.1.1",
          "Microsoft.SourceLink.Common": "1.1.1"
        }
      },
      "Newtonsoft.Json": {
        "type": "Transitive",
        "resolved": "13.0.3",
        "contentHash": "HrC5BXdl00IP9zeV+0Z848QWPAoCr9P3bDEZguI+gkLcBKAOxix/tLEAAHC+UvDNPv4a2d18lOReHMOagPa+zQ=="
      },
      "NuGet.Common": {
        "type": "Transitive",
        "resolved": "6.8.0",
        "contentHash": "voNZyM5L5s0CCDPU//vXKQke0M8y6kGvG+0Ll6gc/xV7Jh1C3/5OhHRzvekxBS6a9DO/lsFhTZtyCkL6n9lHEw==",
        "dependencies": {
          "NuGet.Frameworks": "6.8.0"
        }
      },
      "NuGet.DependencyResolver.Core": {
        "type": "Transitive",
        "resolved": "6.8.0",
        "contentHash": "dTdE5VmQnWfZU2tM4glgsO1ZpFZoEqLKUtpDkr11dkVV4nQn5/MqK9Wmvp/SbU1t7AoSEf7yIMAew9SHxganYA==",
        "dependencies": {
          "NuGet.Configuration": "6.8.0",
          "NuGet.LibraryModel": "6.8.0",
          "NuGet.Protocol": "6.8.0"
        }
      },
      "NuGet.Frameworks": {
        "type": "Transitive",
        "resolved": "6.8.0",
        "contentHash": "cN9NyahKgYYScioH4CKn+TYj1eSODxd0RECFnQt6ZmzT6z7PfXlbYpVzbiPsxNgY23iNDMOVkSmOqNZyYxNlQA=="
      },
      "NuGet.LibraryModel": {
        "type": "Transitive",
        "resolved": "6.8.0",
        "contentHash": "qdNqSa1E/VgpY95XJuLtJrSA74XpWCn5iGf/9r7FMa5smSZt7nClHcMrxOalfzilMKl4prUkE7AVw2AvKZ39Mg==",
        "dependencies": {
          "NuGet.Common": "6.8.0",
          "NuGet.Versioning": "6.8.0"
        }
      },
      "NuGet.Packaging": {
        "type": "Transitive",
        "resolved": "6.8.0",
        "contentHash": "lyDnMCAWtoHNsNKGexIl6yHtyxuvn2j3rpKMrYYf86KwTV+JVY9eFIixNdwEPjBXBzWHQGpDKj9Im8v02t9AQQ==",
        "dependencies": {
          "Newtonsoft.Json": "13.0.3",
          "NuGet.Configuration": "6.8.0",
          "NuGet.Versioning": "6.8.0",
          "System.Security.Cryptography.Pkcs": "6.0.4"
        }
      },
      "System.Buffers": {
        "type": "Transitive",
        "resolved": "4.5.1",
        "contentHash": "Rw7ijyl1qqRS0YQD/WycNst8hUUMgrMH4FCn1nNm27M4VxchZ1js3fVjQaANHO5f3sN4isvP4a+Met9Y4YomAg=="
      },
      "System.Formats.Asn1": {
        "type": "Transitive",
        "resolved": "6.0.0",
        "contentHash": "T6fD00dQ3NTbPDy31m4eQUwKW84s03z0N2C8HpOklyeaDgaJPa/TexP4/SkORMSOwc7WhKifnA6Ya33AkzmafA==",
        "dependencies": {
          "System.Buffers": "4.5.1",
          "System.Memory": "4.5.4"
        }
      },
      "System.IO.FileSystem.AccessControl": {
        "type": "Transitive",
        "resolved": "5.0.0",
        "contentHash": "SxHB3nuNrpptVk+vZ/F+7OHEpoHUIKKMl02bUmYHQr1r+glbZQxs7pRtsf4ENO29TVm2TH3AEeep2fJcy92oYw==",
        "dependencies": {
          "System.Buffers": "4.5.1",
          "System.Memory": "4.5.4",
          "System.Security.AccessControl": "5.0.0",
          "System.Security.Principal.Windows": "5.0.0"
        }
      },
      "System.Memory": {
        "type": "Transitive",
        "resolved": "4.5.5",
        "contentHash": "XIWiDvKPXaTveaB7HVganDlOCRoj03l+jrwNvcge/t8vhGYKvqV+dMv6G4SAX2NoNmN0wZfVPTAlFwZcZvVOUw==",
        "dependencies": {
          "System.Buffers": "4.5.1",
          "System.Numerics.Vectors": "4.4.0",
          "System.Runtime.CompilerServices.Unsafe": "4.5.3"
        }
      },
      "System.Numerics.Vectors": {
        "type": "Transitive",
        "resolved": "4.5.0",
        "contentHash": "QQTlPTl06J/iiDbJCiepZ4H//BVraReU4O4EoRw1U02H5TLUIT7xn3GnDp9AXPSlJUDyFs4uWjWafNX6WrAojQ=="
      },
      "System.Runtime.CompilerServices.Unsafe": {
        "type": "Transitive",
        "resolved": "6.0.0",
        "contentHash": "/iUeP3tq1S0XdNNoMz5C9twLSrM/TH+qElHkXWaPvuNOt+99G75NrV0OS2EqHx5wMN7popYjpc8oTjC1y16DLg=="
      },
      "System.Security.AccessControl": {
        "type": "Transitive",
        "resolved": "5.0.0",
        "contentHash": "dagJ1mHZO3Ani8GH0PHpPEe/oYO+rVdbQjvjJkBRNQkX4t0r1iaeGn8+/ybkSLEan3/slM0t59SVdHzuHf2jmw==",
        "dependencies": {
          "System.Security.Principal.Windows": "5.0.0"
        }
      },
      "System.Security.Cryptography.Cng": {
        "type": "Transitive",
        "resolved": "5.0.0",
        "contentHash": "jIMXsKn94T9JY7PvPq/tMfqa6GAaHpElRDpmG+SuL+D3+sTw2M8VhnibKnN8Tq+4JqbPJ/f+BwtLeDMEnzAvRg=="
      },
      "System.Security.Cryptography.Pkcs": {
        "type": "Transitive",
        "resolved": "6.0.4",
        "contentHash": "LGbXi1oUJ9QgCNGXRO9ndzBL/GZgANcsURpMhNR8uO+rca47SZmciS3RSQUvlQRwK3QHZSHNOXzoMUASKA+Anw==",
        "dependencies": {
          "System.Formats.Asn1": "6.0.0",
          "System.Security.Cryptography.Cng": "5.0.0"
        }
      },
      "System.Security.Cryptography.ProtectedData": {
        "type": "Transitive",
        "resolved": "4.4.0",
        "contentHash": "cJV7ScGW7EhatRsjehfvvYVBvtiSMKgN8bOVI0bQhnF5bU7vnHVIsH49Kva7i7GWaWYvmEzkYVk1TC+gZYBEog=="
      },
      "System.Security.Principal.Windows": {
        "type": "Transitive",
        "resolved": "5.0.0",
        "contentHash": "t0MGLukB5WAVU9bO3MGzvlGnyJPgUlcwerXn1kzBRjwLKixT96XV0Uza41W49gVd8zEMFu9vQEFlv0IOrytICA=="
      },
      "System.Text.Encodings.Web": {
        "type": "Transitive",
        "resolved": "7.0.0",
        "contentHash": "OP6umVGxc0Z0MvZQBVigj4/U31Pw72ITihDWP9WiWDm+q5aoe0GaJivsfYGq53o6dxH7DcXWiCTl7+0o2CGdmg==",
        "dependencies": {
          "System.Buffers": "4.5.1",
          "System.Memory": "4.5.5",
          "System.Runtime.CompilerServices.Unsafe": "6.0.0"
        }
      },
      "System.Text.Json": {
        "type": "Transitive",
        "resolved": "7.0.3",
        "contentHash": "AyjhwXN1zTFeIibHimfJn6eAsZ7rTBib79JQpzg8WAuR/HKDu9JGNHTuu3nbbXQ/bgI+U4z6HtZmCHNXB1QXrQ==",
        "dependencies": {
          "Microsoft.Bcl.AsyncInterfaces": "7.0.0",
          "System.Buffers": "4.5.1",
          "System.Memory": "4.5.5",
          "System.Numerics.Vectors": "4.5.0",
          "System.Runtime.CompilerServices.Unsafe": "6.0.0",
          "System.Text.Encodings.Web": "7.0.0",
          "System.Threading.Tasks.Extensions": "4.5.4"
        }
      },
      "System.Threading.Tasks.Extensions": {
        "type": "Transitive",
        "resolved": "4.5.4",
        "contentHash": "zteT+G8xuGu6mS+mzDzYXbzS7rd3K6Fjb9RiZlYlJPam2/hU7JCBZBVEcywNuR+oZ1ncTvc/cq0faRr3P01OVg==",
        "dependencies": {
          "System.Runtime.CompilerServices.Unsafe": "4.5.3"
        }
      },
      "TestableIO.System.IO.Abstractions": {
        "type": "Transitive",
        "resolved": "19.2.64",
        "contentHash": "xfkzIqwNyjzsfkKzUcV5CNJ9AWI7Sj6HMcD/cLX7P0htQ/LvHyrbREu5RnDBDmpDMPf14R3PuRj5STIykfzmng=="
      },
      "TestableIO.System.IO.Abstractions.Wrappers": {
        "type": "Transitive",
        "resolved": "19.2.64",
        "contentHash": "xYNRsyDdLRsWfbqFnb+tiwUTikb6JjSQrHOVS4Uh+NtpbYhowxtpHvm5dOf2T/gX163ZfJqAY3tyVsQmhVz7yg==",
        "dependencies": {
          "System.IO.FileSystem.AccessControl": "5.0.0",
          "TestableIO.System.IO.Abstractions": "19.2.64"
        }
      }
    }
  }
}